
Microsoft Visual Studio Solution File, Format Version 12.00
Project("{FAE04EC0-301F-11D3-BF4B-00C04F79EFBC}") = "Zirconium", "src\Zirconium\Zirconium.csproj", "{0291D233-775F-4703-A0F0-4FFDB9BE23D3}"
EndProject
Project("{FAE04EC0-301F-11D3-BF4B-00C04F79EFBC}") = "BasicChat", "src\ZirconiumPlugins\BasicChat\BasicChat.csproj", "{B9E24F80-FDDB-41E3-A763-7A94C5695D34}"
EndProject
Project("{2150E333-8FDC-42A3-9474-1A3956D46DE8}") = "Plugins", "Plugins", "{DB5DA992-22BC-43F0-B4C3-AEAB49CB65EF}"
EndProject
Project("{FAE04EC0-301F-11D3-BF4B-00C04F79EFBC}") = "DefaultAuthProvider", "src\ZirconiumPlugins\DefaultAuthProvider\DefaultAuthProvider.csproj", "{9045E1FB-2186-488A-B786-3D315DC7949D}"
EndProject
Project("{FAE04EC0-301F-11D3-BF4B-00C04F79EFBC}") = "InBandLogin", "src\ZirconiumPlugins\InBandLogin\InBandLogin.csproj", "{1D928458-B60A-4F8D-8636-0CAB38327131}"
EndProject
Project("{FAE04EC0-301F-11D3-BF4B-00C04F79EFBC}") = "MessageStorage", "src\ZirconiumPlugins\MessageStorage\MessageStorage.csproj", "{A7E00650-3541-4619-8195-7A14520EBE16}"
EndProject
Project("{FAE04EC0-301F-11D3-BF4B-00C04F79EFBC}") = "TestMongoDB", "src\ZirconiumPlugins\TestMongoDB\TestMongoDB.csproj", "{307DAB1C-3AF9-413C-A29C-D5DEDD9EA1CD}"
EndProject
Global
	GlobalSection(SolutionConfigurationPlatforms) = preSolution
		Debug|Any CPU = Debug|Any CPU
		Release|Any CPU = Release|Any CPU
	EndGlobalSection
	GlobalSection(ProjectConfigurationPlatforms) = postSolution
		{0291D233-775F-4703-A0F0-4FFDB9BE23D3}.Debug|Any CPU.ActiveCfg = Debug|Any CPU
		{0291D233-775F-4703-A0F0-4FFDB9BE23D3}.Debug|Any CPU.Build.0 = Debug|Any CPU
		{0291D233-775F-4703-A0F0-4FFDB9BE23D3}.Release|Any CPU.ActiveCfg = Release|Any CPU
		{0291D233-775F-4703-A0F0-4FFDB9BE23D3}.Release|Any CPU.Build.0 = Release|Any CPU
		{B9E24F80-FDDB-41E3-A763-7A94C5695D34}.Debug|Any CPU.ActiveCfg = Debug|Any CPU
		{B9E24F80-FDDB-41E3-A763-7A94C5695D34}.Debug|Any CPU.Build.0 = Debug|Any CPU
		{B9E24F80-FDDB-41E3-A763-7A94C5695D34}.Release|Any CPU.ActiveCfg = Release|Any CPU
		{B9E24F80-FDDB-41E3-A763-7A94C5695D34}.Release|Any CPU.Build.0 = Release|Any CPU
		{9045E1FB-2186-488A-B786-3D315DC7949D}.Debug|Any CPU.ActiveCfg = Debug|Any CPU
		{9045E1FB-2186-488A-B786-3D315DC7949D}.Debug|Any CPU.Build.0 = Debug|Any CPU
		{9045E1FB-2186-488A-B786-3D315DC7949D}.Release|Any CPU.ActiveCfg = Release|Any CPU
		{9045E1FB-2186-488A-B786-3D315DC7949D}.Release|Any CPU.Build.0 = Release|Any CPU
		{1D928458-B60A-4F8D-8636-0CAB38327131}.Debug|Any CPU.ActiveCfg = Debug|Any CPU
		{1D928458-B60A-4F8D-8636-0CAB38327131}.Debug|Any CPU.Build.0 = Debug|Any CPU
		{1D928458-B60A-4F8D-8636-0CAB38327131}.Release|Any CPU.ActiveCfg = Release|Any CPU
		{1D928458-B60A-4F8D-8636-0CAB38327131}.Release|Any CPU.Build.0 = Release|Any CPU
		{A7E00650-3541-4619-8195-7A14520EBE16}.Debug|Any CPU.ActiveCfg = Debug|Any CPU
		{A7E00650-3541-4619-8195-7A14520EBE16}.Debug|Any CPU.Build.0 = Debug|Any CPU
		{A7E00650-3541-4619-8195-7A14520EBE16}.Release|Any CPU.ActiveCfg = Release|Any CPU
		{A7E00650-3541-4619-8195-7A14520EBE16}.Release|Any CPU.Build.0 = Release|Any CPU
		{307DAB1C-3AF9-413C-A29C-D5DEDD9EA1CD}.Debug|Any CPU.ActiveCfg = Debug|Any CPU
		{307DAB1C-3AF9-413C-A29C-D5DEDD9EA1CD}.Debug|Any CPU.Build.0 = Debug|Any CPU
		{307DAB1C-3AF9-413C-A29C-D5DEDD9EA1CD}.Release|Any CPU.ActiveCfg = Release|Any CPU
		{307DAB1C-3AF9-413C-A29C-D5DEDD9EA1CD}.Release|Any CPU.Build.0 = Release|Any CPU
	EndGlobalSection
	GlobalSection(NestedProjects) = preSolution
		{B9E24F80-FDDB-41E3-A763-7A94C5695D34} = {DB5DA992-22BC-43F0-B4C3-AEAB49CB65EF}
		{9045E1FB-2186-488A-B786-3D315DC7949D} = {DB5DA992-22BC-43F0-B4C3-AEAB49CB65EF}
		{1D928458-B60A-4F8D-8636-0CAB38327131} = {DB5DA992-22BC-43F0-B4C3-AEAB49CB65EF}
		{A7E00650-3541-4619-8195-7A14520EBE16} = {DB5DA992-22BC-43F0-B4C3-AEAB49CB65EF}
		{307DAB1C-3AF9-413C-A29C-D5DEDD9EA1CD} = {DB5DA992-22BC-43F0-B4C3-AEAB49CB65EF}
	EndGlobalSection
EndGlobal
